// !$*UTF8*$!
{
	archiveVersion = 1;
	classes = {
	};
	objectVersion = 50;
	objects = {

/* Begin PBXBuildFile section */
		4C80C586234652F000CBEA10 /* AppDelegate.swift in Sources */ = {isa = PBXBuildFile; fileRef = 4C80C585234652F000CBEA10 /* AppDelegate.swift */; };
		4C80C588234652F000CBEA10 /* ViewController.swift in Sources */ = {isa = PBXBuildFile; fileRef = 4C80C587234652F000CBEA10 /* ViewController.swift */; };
		4C80C58B234652F000CBEA10 /* Main.storyboard in Resources */ = {isa = PBXBuildFile; fileRef = 4C80C589234652F000CBEA10 /* Main.storyboard */; };
		4C80C58D234652F300CBEA10 /* Assets.xcassets in Resources */ = {isa = PBXBuildFile; fileRef = 4C80C58C234652F300CBEA10 /* Assets.xcassets */; };
		4C80C590234652F300CBEA10 /* LaunchScreen.storyboard in Resources */ = {isa = PBXBuildFile; fileRef = 4C80C58E234652F300CBEA10 /* LaunchScreen.storyboard */; };
		4C80C59B234652F300CBEA10 /* MyFirstProductTests.swift in Sources */ = {isa = PBXBuildFile; fileRef = 4C80C59A234652F300CBEA10 /* MyFirstProductTests.swift */; };
		4C80C5A6234652F300CBEA10 /* MyFirstProductUITests.swift in Sources */ = {isa = PBXBuildFile; fileRef = 4C80C5A5234652F300CBEA10 /* MyFirstProductUITests.swift */; };
/* End PBXBuildFile section */

/* Begin PBXContainerItemProxy section */
		4C80C597234652F300CBEA10 /* PBXContainerItemProxy */ = {
			isa = PBXContainerItemProxy;
			containerPortal = 4C80C57A234652F000CBEA10 /* Project object */;
			proxyType = 1;
			remoteGlobalIDString = 4C80C581234652F000CBEA10;
			remoteInfo = MyFirstProduct;
		};
		4C80C5A2234652F300CBEA10 /* PBXContainerItemProxy */ = {
			isa = PBXContainerItemProxy;
			containerPortal = 4C80C57A234652F000CBEA10 /* Project object */;
			proxyType = 1;
			remoteGlobalIDString = 4C80C581234652F000CBEA10;
			remoteInfo = MyFirstProduct;
		};
/* End PBXContainerItemProxy section */

/* Begin PBXFileReference section */
		4C80C582234652F000CBEA10 /* MyFirstProduct.app */ = {isa = PBXFileReference; explicitFileType = wrapper.application; includeInIndex = 0; path = MyFirstProduct.app; sourceTree = BUILT_PRODUCTS_DIR; };
		4C80C585234652F000CBEA10 /* AppDelegate.swift */ = {isa = PBXFileReference; lastKnownFileType = sourcecode.swift; path = AppDelegate.swift; sourceTree = "<group>"; };
		4C80C587234652F000CBEA10 /* ViewController.swift */ = {isa = PBXFileReference; lastKnownFileType = sourcecode.swift; path = ViewController.swift; sourceTree = "<group>"; };
		4C80C58A234652F000CBEA10 /* Base */ = {isa = PBXFileReference; lastKnownFileType = file.storyboard; name = Base; path = Base.lproj/Main.storyboard; sourceTree = "<group>"; };
		4C80C58C234652F300CBEA10 /* Assets.xcassets */ = {isa = PBXFileReference; lastKnownFileType = folder.assetcatalog; path = Assets.xcassets; sourceTree = "<group>"; };
		4C80C58F234652F300CBEA10 /* Base */ = {isa = PBXFileReference; lastKnownFileType = file.storyboard; name = Base; path = Base.lproj/LaunchScreen.storyboard; sourceTree = "<group>"; };
		4C80C591234652F300CBEA10 /* Info.plist */ = {isa = PBXFileReference; lastKnownFileType = text.plist.xml; path = Info.plist; sourceTree = "<group>"; };
		4C80C596234652F300CBEA10 /* MyFirstProductTests.xctest */ = {isa = PBXFileReference; explicitFileType = wrapper.cfbundle; includeInIndex = 0; path = MyFirstProductTests.xctest; sourceTree = BUILT_PRODUCTS_DIR; };
		4C80C59A234652F300CBEA10 /* MyFirstProductTests.swift */ = {isa = PBXFileReference; lastKnownFileType = sourcecode.swift; path = MyFirstProductTests.swift; sourceTree = "<group>"; };
		4C80C59C234652F300CBEA10 /* Info.plist */ = {isa = PBXFileReference; lastKnownFileType = text.plist.xml; path = Info.plist; sourceTree = "<group>"; };
		4C80C5A1234652F300CBEA10 /* MyFirstProductUITests.xctest */ = {isa = PBXFileReference; explicitFileType = wrapper.cfbundle; includeInIndex = 0; path = MyFirstProductUITests.xctest; sourceTree = BUILT_PRODUCTS_DIR; };
		4C80C5A5234652F300CBEA10 /* MyFirstProductUITests.swift */ = {isa = PBXFileReference; lastKnownFileType = sourcecode.swift; path = MyFirstProductUITests.swift; sourceTree = "<group>"; };
		4C80C5A7234652F300CBEA10 /* Info.plist */ = {isa = PBXFileReference; lastKnownFileType = text.plist.xml; path = Info.plist; sourceTree = "<group>"; };
/* End PBXFileReference section */

/* Begin PBXFrameworksBuildPhase section */
		4C80C57F234652F000CBEA10 /* Frameworks */ = {
			isa = PBXFrameworksBuildPhase;
			buildActionMask = 2147483647;
			files = (
			);
			runOnlyForDeploymentPostprocessing = 0;
		};
		4C80C593234652F300CBEA10 /* Frameworks */ = {
			isa = PBXFrameworksBuildPhase;
			buildActionMask = 2147483647;
			files = (
			);
			runOnlyForDeploymentPostprocessing = 0;
		};
		4C80C59E234652F300CBEA10 /* Frameworks */ = {
			isa = PBXFrameworksBuildPhase;
			buildActionMask = 2147483647;
			files = (
			);
			runOnlyForDeploymentPostprocessing = 0;
		};
/* End PBXFrameworksBuildPhase section */

/* Begin PBXGroup section */
		4C80C579234652F000CBEA10 = {
			isa = PBXGroup;
			children = (
				4C80C584234652F000CBEA10 /* MyFirstProduct */,
				4C80C599234652F300CBEA10 /* MyFirstProductTests */,
				4C80C5A4234652F300CBEA10 /* MyFirstProductUITests */,
				4C80C583234652F000CBEA10 /* Products */,
			);
			sourceTree = "<group>";
		};
		4C80C583234652F000CBEA10 /* Products */ = {
			isa = PBXGroup;
			children = (
				4C80C582234652F000CBEA10 /* MyFirstProduct.app */,
				4C80C596234652F300CBEA10 /* MyFirstProductTests.xctest */,
				4C80C5A1234652F300CBEA10 /* MyFirstProductUITests.xctest */,
			);
			name = Products;
			sourceTree = "<group>";
		};
		4C80C584234652F000CBEA10 /* MyFirstProduct */ = {
			isa = PBXGroup;
			children = (
				4C80C585234652F000CBEA10 /* AppDelegate.swift */,
				4C80C587234652F000CBEA10 /* ViewController.swift */,
				4C80C589234652F000CBEA10 /* Main.storyboard */,
				4C80C58C234652F300CBEA10 /* Assets.xcassets */,
				4C80C58E234652F300CBEA10 /* LaunchScreen.storyboard */,
				4C80C591234652F300CBEA10 /* Info.plist */,
			);
			path = MyFirstProduct;
			sourceTree = "<group>";
		};
		4C80C599234652F300CBEA10 /* MyFirstProductTests */ = {
			isa = PBXGroup;
			children = (
				4C80C59A234652F300CBEA10 /* MyFirstProductTests.swift */,
				4C80C59C234652F300CBEA10 /* Info.plist */,
			);
			path = MyFirstProductTests;
			sourceTree = "<group>";
		};
		4C80C5A4234652F300CBEA10 /* MyFirstProductUITests */ = {
			isa = PBXGroup;
			children = (
				4C80C5A5234652F300CBEA10 /* MyFirstProductUITests.swift */,
				4C80C5A7234652F300CBEA10 /* Info.plist */,
			);
			path = MyFirstProductUITests;
			sourceTree = "<group>";
		};
/* End PBXGroup section */

/* Begin PBXNativeTarget section */
		4C80C581234652F000CBEA10 /* MyFirstProduct */ = {
			isa = PBXNativeTarget;
			buildConfigurationList = 4C80C5AA234652F300CBEA10 /* Build configuration list for PBXNativeTarget "MyFirstProduct" */;
			buildPhases = (
				4C80C57E234652F000CBEA10 /* Sources */,
				4C80C57F234652F000CBEA10 /* Frameworks */,
				4C80C580234652F000CBEA10 /* Resources */,
			);
			buildRules = (
			);
			dependencies = (
			);
			name = MyFirstProduct;
			productName = MyFirstProduct;
			productReference = 4C80C582234652F000CBEA10 /* MyFirstProduct.app */;
			productType = "com.apple.product-type.application";
		};
		4C80C595234652F300CBEA10 /* MyFirstProductTests */ = {
			isa = PBXNativeTarget;
			buildConfigurationList = 4C80C5AD234652F300CBEA10 /* Build configuration list for PBXNativeTarget "MyFirstProductTests" */;
			buildPhases = (
				4C80C592234652F300CBEA10 /* Sources */,
				4C80C593234652F300CBEA10 /* Frameworks */,
				4C80C594234652F300CBEA10 /* Resources */,
			);
			buildRules = (
			);
			dependencies = (
				4C80C598234652F300CBEA10 /* PBXTargetDependency */,
			);
			name = MyFirstProductTests;
			productName = MyFirstProductTests;
			productReference = 4C80C596234652F300CBEA10 /* MyFirstProductTests.xctest */;
			productType = "com.apple.product-type.bundle.unit-test";
		};
		4C80C5A0234652F300CBEA10 /* MyFirstProductUITests */ = {
			isa = PBXNativeTarget;
			buildConfigurationList = 4C80C5B0234652F300CBEA10 /* Build configuration list for PBXNativeTarget "MyFirstProductUITests" */;
			buildPhases = (
				4C80C59D234652F300CBEA10 /* Sources */,
				4C80C59E234652F300CBEA10 /* Frameworks */,
				4C80C59F234652F300CBEA10 /* Resources */,
			);
			buildRules = (
			);
			dependencies = (
				4C80C5A3234652F300CBEA10 /* PBXTargetDependency */,
			);
			name = MyFirstProductUITests;
			productName = MyFirstProductUITests;
			productReference = 4C80C5A1234652F300CBEA10 /* MyFirstProductUITests.xctest */;
			productType = "com.apple.product-type.bundle.ui-testing";
		};
/* End PBXNativeTarget section */

/* Begin PBXProject section */
		4C80C57A234652F000CBEA10 /* Project object */ = {
			isa = PBXProject;
			attributes = {
				LastSwiftUpdateCheck = 0940;
				LastUpgradeCheck = 0940;
				ORGANIZATIONNAME = "Мария";
				TargetAttributes = {
					4C80C581234652F000CBEA10 = {
						CreatedOnToolsVersion = 9.4;
					};
					4C80C595234652F300CBEA10 = {
						CreatedOnToolsVersion = 9.4;
						TestTargetID = 4C80C581234652F000CBEA10;
					};
					4C80C5A0234652F300CBEA10 = {
						CreatedOnToolsVersion = 9.4;
						TestTargetID = 4C80C581234652F000CBEA10;
					};
				};
			};
			buildConfigurationList = 4C80C57D234652F000CBEA10 /* Build configuration list for PBXProject "MyFirstProduct" */;
			compatibilityVersion = "Xcode 9.3";
			developmentRegion = en;
			hasScannedForEncodings = 0;
			knownRegions = (
				en,
				Base,
			);
			mainGroup = 4C80C579234652F000CBEA10;
			productRefGroup = 4C80C583234652F000CBEA10 /* Products */;
			projectDirPath = "";
			projectRoot = "";
			targets = (
				4C80C581234652F000CBEA10 /* MyFirstProduct */,
				4C80C595234652F300CBEA10 /* MyFirstProductTests */,
				4C80C5A0234652F300CBEA10 /* MyFirstProductUITests */,
			);
		};
/* End PBXProject section */

/* Begin PBXResourcesBuildPhase section */
		4C80C580234652F000CBEA10 /* Resources */ = {
			isa = PBXResourcesBuildPhase;
			buildActionMask = 2147483647;
			files = (
				4C80C590234652F300CBEA10 /* LaunchScreen.storyboard in Resources */,
				4C80C58D234652F300CBEA10 /* Assets.xcassets in Resources */,
				4C80C58B234652F000CBEA10 /* Main.storyboard in Resources */,
			);
			runOnlyForDeploymentPostprocessing = 0;
		};
		4C80C594234652F300CBEA10 /* Resources */ = {
			isa = PBXResourcesBuildPhase;
			buildActionMask = 2147483647;
			files = (
			);
			runOnlyForDeploymentPostprocessing = 0;
		};
		4C80C59F234652F300CBEA10 /* Resources */ = {
			isa = PBXResourcesBuildPhase;
			buildActionMask = 2147483647;
			files = (
			);
			runOnlyForDeploymentPostprocessing = 0;
		};
/* End PBXResourcesBuildPhase section */

/* Begin PBXSourcesBuildPhase section */
		4C80C57E234652F000CBEA10 /* Sources */ = {
			isa = PBXSourcesBuildPhase;
			buildActionMask = 2147483647;
			files = (
				4C80C588234652F000CBEA10 /* ViewController.swift in Sources */,
				4C80C586234652F000CBEA10 /* AppDelegate.swift in Sources */,
			);
			runOnlyForDeploymentPostprocessing = 0;
		};
		4C80C592234652F300CBEA10 /* Sources */ = {
			isa = PBXSourcesBuildPhase;
			buildActionMask = 2147483647;
			files = (
				4C80C59B234652F300CBEA10 /* MyFirstProductTests.swift in Sources */,
			);
			runOnlyForDeploymentPostprocessing = 0;
		};
		4C80C59D234652F300CBEA10 /* Sources */ = {
			isa = PBXSourcesBuildPhase;
			buildActionMask = 2147483647;
			files = (
				4C80C5A6234652F300CBEA10 /* MyFirstProductUITests.swift in Sources */,
			);
			runOnlyForDeploymentPostprocessing = 0;
		};
/* End PBXSourcesBuildPhase section */

/* Begin PBXTargetDependency section */
		4C80C598234652F300CBEA10 /* PBXTargetDependency */ = {
			isa = PBXTargetDependency;
			target = 4C80C581234652F000CBEA10 /* MyFirstProduct */;
			targetProxy = 4C80C597234652F300CBEA10 /* PBXContainerItemProxy */;
		};
		4C80C5A3234652F300CBEA10 /* PBXTargetDependency */ = {
			isa = PBXTargetDependency;
			target = 4C80C581234652F000CBEA10 /* MyFirstProduct */;
			targetProxy = 4C80C5A2234652F300CBEA10 /* PBXContainerItemProxy */;
		};
/* End PBXTargetDependency section */

/* Begin PBXVariantGroup section */
		4C80C589234652F000CBEA10 /* Main.storyboard */ = {
			isa = PBXVariantGroup;
			children = (
				4C80C58A234652F000CBEA10 /* Base */,
			);
			name = Main.storyboard;
			sourceTree = "<group>";
		};
		4C80C58E234652F300CBEA10 /* LaunchScreen.storyboard */ = {
			isa = PBXVariantGroup;
			children = (
				4C80C58F234652F300CBEA10 /* Base */,
			);
			name = LaunchScreen.storyboard;
			sourceTree = "<group>";
		};
/* End PBXVariantGroup section */

/* Begin XCBuildConfiguration section */
		4C80C5A8234652F300CBEA10 /* Debug */ = {
			isa = XCBuildConfiguration;
			buildSettings = {
				ALWAYS_SEARCH_USER_PATHS = NO;
				CLANG_ANALYZER_NONNULL = YES;
				CLANG_ANALYZER_NUMBER_OBJECT_CONVERSION = YES_AGGRESSIVE;
				CLANG_CXX_LANGUAGE_STANDARD = "gnu++14";
				CLANG_CXX_LIBRARY = "libc++";
				CLANG_ENABLE_MODULES = YES;
				CLANG_ENABLE_OBJC_ARC = YES;
				CLANG_ENABLE_OBJC_WEAK = YES;
				CLANG_WARN_BLOCK_CAPTURE_AUTORELEASING = YES;
				CLANG_WARN_BOOL_CONVERSION = YES;
				CLANG_WARN_COMMA = YES;
				CLANG_WARN_CONSTANT_CONVERSION = YES;
				CLANG_WARN_DEPRECATED_OBJC_IMPLEMENTATIONS = YES;
				CLANG_WARN_DIRECT_OBJC_ISA_USAGE = YES_ERROR;
				CLANG_WARN_DOCUMENTATION_COMMENTS = YES;
				CLANG_WARN_EMPTY_BODY = YES;
				CLANG_WARN_ENUM_CONVERSION = YES;
				CLANG_WARN_INFINITE_RECURSION = YES;
				CLANG_WARN_INT_CONVERSION = YES;
				CLANG_WARN_NON_LITERAL_NULL_CONVERSION = YES;
				CLANG_WARN_OBJC_IMPLICIT_RETAIN_SELF = YES;
				CLANG_WARN_OBJC_LITERAL_CONVERSION = YES;
				CLANG_WARN_OBJC_ROOT_CLASS = YES_ERROR;
				CLANG_WARN_RANGE_LOOP_ANALYSIS = YES;
				CLANG_WARN_STRICT_PROTOTYPES = YES;
				CLANG_WARN_SUSPICIOUS_MOVE = YES;
				CLANG_WARN_UNGUARDED_AVAILABILITY = YES_AGGRESSIVE;
				CLANG_WARN_UNREACHABLE_CODE = YES;
				CLANG_WARN__DUPLICATE_METHOD_MATCH = YES;
				CODE_SIGN_IDENTITY = "iPhone Developer";
				COPY_PHASE_STRIP = NO;
				DEBUG_INFORMATION_FORMAT = dwarf;
				ENABLE_STRICT_OBJC_MSGSEND = YES;
				ENABLE_TESTABILITY = YES;
				GCC_C_LANGUAGE_STANDARD = gnu11;
				GCC_DYNAMIC_NO_PIC = NO;
				GCC_NO_COMMON_BLOCKS = YES;
				GCC_OPTIMIZATION_LEVEL = 0;
				GCC_PREPROCESSOR_DEFINITIONS = (
					"DEBUG=1",
					"$(inherited)",
				);
				GCC_WARN_64_TO_32_BIT_CONVERSION = YES;
				GCC_WARN_ABOUT_RETURN_TYPE = YES_ERROR;
				GCC_WARN_UNDECLARED_SELECTOR = YES;
				GCC_WARN_UNINITIALIZED_AUTOS = YES_AGGRESSIVE;
				GCC_WARN_UNUSED_FUNCTION = YES;
				GCC_WARN_UNUSED_VARIABLE = YES;
				IPHONEOS_DEPLOYMENT_TARGET = 11.4;
				MTL_ENABLE_DEBUG_INFO = YES;
				ONLY_ACTIVE_ARCH = YES;
				SDKROOT = iphoneos;
				SWIFT_ACTIVE_COMPILATION_CONDITIONS = DEBUG;
				SWIFT_OPTIMIZATION_LEVEL = "-Onone";
			};
			name = Debug;
		};
		4C80C5A9234652F300CBEA10 /* Release */ = {
			isa = XCBuildConfiguration;
			buildSettings = {
				ALWAYS_SEARCH_USER_PATHS = NO;
				CLANG_ANALYZER_NONNULL = YES;
				CLANG_ANALYZER_NUMBER_OBJECT_CONVERSION = YES_AGGRESSIVE;
				CLANG_CXX_LANGUAGE_STANDARD = "gnu++14";
				CLANG_CXX_LIBRARY = "libc++";
				CLANG_ENABLE_MODULES = YES;
				CLANG_ENABLE_OBJC_ARC = YES;
				CLANG_ENABLE_OBJC_WEAK = YES;
				CLANG_WARN_BLOCK_CAPTURE_AUTORELEASING = YES;
				CLANG_WARN_BOOL_CONVERSION = YES;
				CLANG_WARN_COMMA = YES;
				CLANG_WARN_CONSTANT_CONVERSION = YES;
				CLANG_WARN_DEPRECATED_OBJC_IMPLEMENTATIONS = YES;
				CLANG_WARN_DIRECT_OBJC_ISA_USAGE = YES_ERROR;
				CLANG_WARN_DOCUMENTATION_COMMENTS = YES;
				CLANG_WARN_EMPTY_BODY = YES;
				CLANG_WARN_ENUM_CONVERSION = YES;
				CLANG_WARN_INFINITE_RECURSION = YES;
				CLANG_WARN_INT_CONVERSION = YES;
				CLANG_WARN_NON_LITERAL_NULL_CONVERSION = YES;
				CLANG_WARN_OBJC_IMPLICIT_RETAIN_SELF = YES;
				CLANG_WARN_OBJC_LITERAL_CONVERSION = YES;
				CLANG_WARN_OBJC_ROOT_CLASS = YES_ERROR;
				CLANG_WARN_RANGE_LOOP_ANALYSIS = YES;
				CLANG_WARN_STRICT_PROTOTYPES = YES;
				CLANG_WARN_SUSPICIOUS_MOVE = YES;
				CLANG_WARN_UNGUARDED_AVAILABILITY = YES_AGGRESSIVE;
				CLANG_WARN_UNREACHABLE_CODE = YES;
				CLANG_WARN__DUPLICATE_METHOD_MATCH = YES;
				CODE_SIGN_IDENTITY = "iPhone Developer";
				COPY_PHASE_STRIP = NO;
				DEBUG_INFORMATION_FORMAT = "dwarf-with-dsym";
				ENABLE_NS_ASSERTIONS = NO;
				ENABLE_STRICT_OBJC_MSGSEND = YES;
				GCC_C_LANGUAGE_STANDARD = gnu11;
				GCC_NO_COMMON_BLOCKS = YES;
				GCC_WARN_64_TO_32_BIT_CONVERSION = YES;
				GCC_WARN_ABOUT_RETURN_TYPE = YES_ERROR;
				GCC_WARN_UNDECLARED_SELECTOR = YES;
				GCC_WARN_UNINITIALIZED_AUTOS = YES_AGGRESSIVE;
				GCC_WARN_UNUSED_FUNCTION = YES;
				GCC_WARN_UNUSED_VARIABLE = YES;
				IPHONEOS_DEPLOYMENT_TARGET = 11.4;
				MTL_ENABLE_DEBUG_INFO = NO;
				SDKROOT = iphoneos;
				SWIFT_COMPILATION_MODE = wholemodule;
				SWIFT_OPTIMIZATION_LEVEL = "-O";
				VALIDATE_PRODUCT = YES;
			};
			name = Release;
		};
		4C80C5AB234652F300CBEA10 /* Debug */ = {
			isa = XCBuildConfiguration;
			buildSettings = {
				ASSETCATALOG_COMPILER_APPICON_NAME = AppIcon;
				CODE_SIGN_STYLE = Automatic;
				DEVELOPMENT_TEAM = Q39UK8P78P;
				INFOPLIST_FILE = MyFirstProduct/Info.plist;
				LD_RUNPATH_SEARCH_PATHS = (
					"$(inherited)",
					"@executable_path/Frameworks",
				);
				PRODUCT_BUNDLE_IDENTIFIER = com.mary.MyFirstProduct;
				PRODUCT_NAME = "$(TARGET_NAME)";
				SWIFT_VERSION = 4.0;
				TARGETED_DEVICE_FAMILY = "1,2";
			};
			name = Debug;
		};
		4C80C5AC234652F300CBEA10 /* Release */ = {
			isa = XCBuildConfiguration;
			buildSettings = {
				ASSETCATALOG_COMPILER_APPICON_NAME = AppIcon;
				CODE_SIGN_STYLE = Automatic;
				DEVELOPMENT_TEAM = Q39UK8P78P;
				INFOPLIST_FILE = MyFirstProduct/Info.plist;
				LD_RUNPATH_SEARCH_PATHS = (
					"$(inherited)",
					"@executable_path/Frameworks",
				);
				PRODUCT_BUNDLE_IDENTIFIER = com.mary.MyFirstProduct;
				PRODUCT_NAME = "$(TARGET_NAME)";
				SWIFT_VERSION = 4.0;
				TARGETED_DEVICE_FAMILY = "1,2";
			};
			name = Release;
		};
		4C80C5AE234652F300CBEA10 /* Debug */ = {
			isa = XCBuildConfiguration;
			buildSettings = {
				ALWAYS_EMBED_SWIFT_STANDARD_LIBRARIES = YES;
				BUNDLE_LOADER = "$(TEST_HOST)";
				CODE_SIGN_STYLE = Automatic;
				DEVELOPMENT_TEAM = Q39UK8P78P;
				INFOPLIST_FILE = MyFirstProductTests/Info.plist;
				LD_RUNPATH_SEARCH_PATHS = (
					"$(inherited)",
					"@executable_path/Frameworks",
					"@loader_path/Frameworks",
				);
				PRODUCT_BUNDLE_IDENTIFIER = com.mary.MyFirstProductTests;
				PRODUCT_NAME = "$(TARGET_NAME)";
				SWIFT_VERSION = 4.0;
				TARGETED_DEVICE_FAMILY = "1,2";
				TEST_HOST = "$(BUILT_PRODUCTS_DIR)/MyFirstProduct.app/MyFirstProduct";
			};
			name = Debug;
		};
		4C80C5AF234652F300CBEA10 /* Release */ = {
			isa = XCBuildConfiguration;
			buildSettings = {
				ALWAYS_EMBED_SWIFT_STANDARD_LIBRARIES = YES;
				BUNDLE_LOADER = "$(TEST_HOST)";
				CODE_SIGN_STYLE = Automatic;
				DEVELOPMENT_TEAM = Q39UK8P78P;
				INFOPLIST_FILE = MyFirstProductTests/Info.plist;
				LD_RUNPATH_SEARCH_PATHS = (
					"$(inherited)",
					"@executable_path/Frameworks",
					"@loader_path/Frameworks",
				);
				PRODUCT_BUNDLE_IDENTIFIER = com.mary.MyFirstProductTests;
				PRODUCT_NAME = "$(TARGET_NAME)";
				SWIFT_VERSION = 4.0;
				TARGETED_DEVICE_FAMILY = "1,2";
				TEST_HOST = "$(BUILT_PRODUCTS_DIR)/MyFirstProduct.app/MyFirstProduct";
			};
			name = Release;
		};
		4C80C5B1234652F300CBEA10 /* Debug */ = {
			isa = XCBuildConfiguration;
			buildSettings = {
				ALWAYS_EMBED_SWIFT_STANDARD_LIBRARIES = YES;
				CODE_SIGN_STYLE = Automatic;
				DEVELOPMENT_TEAM = Q39UK8P78P;
				INFOPLIST_FILE = MyFirstProductUITests/Info.plist;
				LD_RUNPATH_SEARCH_PATHS = (
					"$(inherited)",
					"@executable_path/Frameworks",
					"@loader_path/Frameworks",
				);
				PRODUCT_BUNDLE_IDENTIFIER = com.mary.MyFirstProductUITests;
				PRODUCT_NAME = "$(TARGET_NAME)";
				SWIFT_VERSION = 4.0;
				TARGETED_DEVICE_FAMILY = "1,2";
				TEST_TARGET_NAME = MyFirstProduct;
			};
			name = Debug;
		};
		4C80C5B2234652F300CBEA10 /* Release */ = {
			isa = XCBuildConfiguration;
			buildSettings = {
				ALWAYS_EMBED_SWIFT_STANDARD_LIBRARIES = YES;
				CODE_SIGN_STYLE = Automatic;
				DEVELOPMENT_TEAM = Q39UK8P78P;
				INFOPLIST_FILE = MyFirstProductUITests/Info.plist;
				LD_RUNPATH_SEARCH_PATHS = (
					"$(inherited)",
					"@executable_path/Frameworks",
					"@loader_path/Frameworks",
				);
				PRODUCT_BUNDLE_IDENTIFIER = com.mary.MyFirstProductUITests;
				PRODUCT_NAME = "$(TARGET_NAME)";
				SWIFT_VERSION = 4.0;
				TARGETED_DEVICE_FAMILY = "1,2";
				TEST_TARGET_NAME = MyFirstProduct;
			};
			name = Release;
		};
/* End XCBuildConfiguration section */

/* Begin XCConfigurationList section */
		4C80C57D234652F000CBEA10 /* Build configuration list for PBXProject "MyFirstProduct" */ = {
			isa = XCConfigurationList;
			buildConfigurations = (
				4C80C5A8234652F300CBEA10 /* Debug */,
				4C80C5A9234652F300CBEA10 /* Release */,
			);
			defaultConfigurationIsVisible = 0;
			defaultConfigurationName = Release;
		};
		4C80C5AA234652F300CBEA10 /* Build configuration list for PBXNativeTarget "MyFirstProduct" */ = {
			isa = XCConfigurationList;
			buildConfigurations = (
				4C80C5AB234652F300CBEA10 /* Debug */,
				4C80C5AC234652F300CBEA10 /* Release */,
			);
			defaultConfigurationIsVisible = 0;
			defaultConfigurationName = Release;
		};
		4C80C5AD234652F300CBEA10 /* Build configuration list for PBXNativeTarget "MyFirstProductTests" */ = {
			isa = XCConfigurationList;
			buildConfigurations = (
				4C80C5AE234652F300CBEA10 /* Debug */,
				4C80C5AF234652F300CBEA10 /* Release */,
			);
			defaultConfigurationIsVisible = 0;
			defaultConfigurationName = Release;
		};
		4C80C5B0234652F300CBEA10 /* Build configuration list for PBXNativeTarget "MyFirstProductUITests" */ = {
			isa = XCConfigurationList;
			buildConfigurations = (
				4C80C5B1234652F300CBEA10 /* Debug */,
				4C80C5B2234652F300CBEA10 /* Release */,
			);
			defaultConfigurationIsVisible = 0;
			defaultConfigurationName = Release;
		};
/* End XCConfigurationList section */
	};
	rootObject = 4C80C57A234652F000CBEA10 /* Project object */;
}
